{
  "name": "portfolio",
  "lockfileVersion": 2,
  "requires": true,
  "packages": {
    "": {
      "dependencies": {
        "portfolio": "^0.1.0",
        "react-app": "^1.1.2"
      }
    },
    "node_modules/async": {
      "version": "0.2.10",
      "resolved": "https://registry.npmjs.org/async/-/async-0.2.10.tgz",
      "integrity": "sha512-eAkdoKxU6/LkKDBzLpT+t6Ff5EtfSF4wx1WfJiPEEV7WNLnDaRXk0oVysiEPm262roaachGexwUv94WhSgN5TQ=="
    },
    "node_modules/ent": {
      "version": "0.1.0",
      "resolved": "https://registry.npmjs.org/ent/-/ent-0.1.0.tgz",
      "integrity": "sha512-PbK5mxYxP1PzKjk6nZJkoKAdUC5dZzfat84bt0kkmmgq6Ot48IgWLqvAYRXPdhmkfiMbMARzeL2WEEElc1CIVw=="
    },
    "node_modules/lodash": {
      "version": "2.3.0",
      "resolved": "https://registry.npmjs.org/lodash/-/lodash-2.3.0.tgz",
      "integrity": "sha512-1cKXXnLDXhXBP8H1ZECyE1znMFLUjMiV9WrVx6/Mi8Ocm/wwjuhWNpLFefQdv05+uMtIAdOVPnG3SFxcOUZzBw==",
      "engines": [
        "node",
        "rhino"
      ]
    },
    "node_modules/moment": {
      "version": "2.4.0",
      "resolved": "https://registry.npmjs.org/moment/-/moment-2.4.0.tgz",
      "integrity": "sha512-bVt+y7LxXatNEFjwDF3MlyzuS7rETg6Wg37/6n8r1GDK0NtLaFAmGcUbTarqBSdgsLnTA3Ar96iiShEiGQZzng==",
      "engines": {
        "node": "*"
      }
    },
    "node_modules/portfolio": {
      "version": "0.1.0",
      "resolved": "https://registry.npmjs.org/portfolio/-/portfolio-0.1.0.tgz",
      "integrity": "sha512-/L8UQwcxcT5IEH+1NvqkygqsqPKFScI6hbPhQWN438aA7oEbVmP5JJA/JWNh8D4ocLAgengYNOAcp5m7IqnMaA==",
      "dependencies": {
        "async": "~0.2.9",
        "ent": "~0.1.0",
        "lodash": "~2.3.0",
        "moment": "~2.4.0",
        "string": "~1.7.0",
        "xml2js": "~0.4.0"
      }
    },
    "node_modules/react-app": {
      "version": "1.1.2",
      "resolved": "https://registry.npmjs.org/react-app/-/react-app-1.1.2.tgz",
      "integrity": "sha512-4MrTmJWu3WDX3upmEyyHGhA15L0qtqJBDMoVZRjd5hrf8lEoX/ja/EOG31eppiyRTWpZGGigCwb2lzsI6ZKDFQ==",
      "bin": {
        "react-app": "bin/react-app.js"
      },
      "engines": {
        "node": ">=6",
        "npm": ">=3.8"
      }
    },
    "node_modules/sax": {
      "version": "1.2.4",
      "resolved": "https://registry.npmjs.org/sax/-/sax-1.2.4.tgz",
      "integrity": "sha512-NqVDv9TpANUjFm0N8uM5GxL36UgKi9/atZw+x7YFnQ8ckwFGKrl4xX4yWtrey3UJm5nP1kUbnYgLopqWNSRhWw=="
    },
    "node_modules/string": {
      "version": "1.7.0",
      "resolved": "https://registry.npmjs.org/string/-/string-1.7.0.tgz",
      "integrity": "sha512-1f3C1hDPqw/adk1cl9H4AUvnr9GXvce4RljOkDgBhOyBLgCjtf4qTTxLKgs+NS835xUp6j0JdKVspvmMPVvglw=="
    },
    "node_modules/xml2js": {
      "version": "0.4.23",
      "resolved": "https://registry.npmjs.org/xml2js/-/xml2js-0.4.23.tgz",
      "integrity": "sha512-ySPiMjM0+pLDftHgXY4By0uswI3SPKLDw/i3UXbnO8M/p28zqexCUoPmQFrYD+/1BzhGJSs2i1ERWKJAtiLrug==",
      "dependencies": {
        "sax": ">=0.6.0",
        "xmlbuilder": "~11.0.0"
      },
      "engines": {
        "node": ">=4.0.0"
      }
    },
    "node_modules/xmlbuilder": {
      "version": "11.0.1",
      "resolved": "https://registry.npmjs.org/xmlbuilder/-/xmlbuilder-11.0.1.tgz",
      "integrity": "sha512-fDlsI/kFEx7gLvbecc0/ohLG50fugQp8ryHzMTuW9vSa1GJ0XYWKnhsUx7oie3G98+r56aTQIUB4kht42R3JvA==",
      "engines": {
        "node": ">=4.0"
      }
    }
  },
  "dependencies": {
    "async": {
      "version": "0.2.10",
      "resolved": "https://registry.npmjs.org/async/-/async-0.2.10.tgz",
      "integrity": "sha512-eAkdoKxU6/LkKDBzLpT+t6Ff5EtfSF4wx1WfJiPEEV7WNLnDaRXk0oVysiEPm262roaachGexwUv94WhSgN5TQ=="
    },
    "ent": {
      "version": "0.1.0",
      "resolved": "https://registry.npmjs.org/ent/-/ent-0.1.0.tgz",
      "integrity": "sha512-PbK5mxYxP1PzKjk6nZJkoKAdUC5dZzfat84bt0kkmmgq6Ot48IgWLqvAYRXPdhmkfiMbMARzeL2WEEElc1CIVw=="
    },
    "lodash": {
      "version": "2.3.0",
      "resolved": "https://registry.npmjs.org/lodash/-/lodash-2.3.0.tgz",
      "integrity": "sha512-1cKXXnLDXhXBP8H1ZECyE1znMFLUjMiV9WrVx6/Mi8Ocm/wwjuhWNpLFefQdv05+uMtIAdOVPnG3SFxcOUZzBw=="
    },
    "moment": {
      "version": "2.4.0",
      "resolved": "https://registry.npmjs.org/moment/-/moment-2.4.0.tgz",
      "integrity": "sha512-bVt+y7LxXatNEFjwDF3MlyzuS7rETg6Wg37/6n8r1GDK0NtLaFAmGcUbTarqBSdgsLnTA3Ar96iiShEiGQZzng=="
    },
    "portfolio": {
      "version": "0.1.0",
      "resolved": "https://registry.npmjs.org/portfolio/-/portfolio-0.1.0.tgz",
      "integrity": "sha512-/L8UQwcxcT5IEH+1NvqkygqsqPKFScI6hbPhQWN438aA7oEbVmP5JJA/JWNh8D4ocLAgengYNOAcp5m7IqnMaA==",
      "requires": {
        "async": "~0.2.9",
        "ent": "~0.1.0",
        "lodash": "~2.3.0",
        "moment": "~2.4.0",
        "string": "~1.7.0",
        "xml2js": "~0.4.0"
      }
    },
    "react-app": {
      "version": "1.1.2",
      "resolved": "https://registry.npmjs.org/react-app/-/react-app-1.1.2.tgz",
      "integrity": "sha512-4MrTmJWu3WDX3upmEyyHGhA15L0qtqJBDMoVZRjd5hrf8lEoX/ja/EOG31eppiyRTWpZGGigCwb2lzsI6ZKDFQ=="
    },
    "sax": {
      "version": "1.2.4",
      "resolved": "https://registry.npmjs.org/sax/-/sax-1.2.4.tgz",
      "integrity": "sha512-NqVDv9TpANUjFm0N8uM5GxL36UgKi9/atZw+x7YFnQ8ckwFGKrl4xX4yWtrey3UJm5nP1kUbnYgLopqWNSRhWw=="
    },
    "string": {
      "version": "1.7.0",
      "resolved": "https://registry.npmjs.org/string/-/string-1.7.0.tgz",
      "integrity": "sha512-1f3C1hDPqw/adk1cl9H4AUvnr9GXvce4RljOkDgBhOyBLgCjtf4qTTxLKgs+NS835xUp6j0JdKVspvmMPVvglw=="
    },
    "xml2js": {
      "version": "0.4.23",
      "resolved": "https://registry.npmjs.org/xml2js/-/xml2js-0.4.23.tgz",
      "integrity": "sha512-ySPiMjM0+pLDftHgXY4By0uswI3SPKLDw/i3UXbnO8M/p28zqexCUoPmQFrYD+/1BzhGJSs2i1ERWKJAtiLrug==",
      "requires": {
        "sax": ">=0.6.0",
        "xmlbuilder": "~11.0.0"
      }
    },
    "xmlbuilder": {
      "version": "11.0.1",
      "resolved": "https://registry.npmjs.org/xmlbuilder/-/xmlbuilder-11.0.1.tgz",
      "integrity": "sha512-fDlsI/kFEx7gLvbecc0/ohLG50fugQp8ryHzMTuW9vSa1GJ0XYWKnhsUx7oie3G98+r56aTQIUB4kht42R3JvA=="
    }
  }
}
